
Microsoft Visual Studio Solution File, Format Version 11.00
# Visual Studio 2010
Project("{FAE04EC0-301F-11D3-BF4B-00C04F79EFBC}") = "NeuroCore", "NeuroCore\NeuroCore.csproj", "{54AF579F-9AF4-454D-BB24-2801AE2090DA}"
EndProject
Project("{FAE04EC0-301F-11D3-BF4B-00C04F79EFBC}") = "BasicClient", "BasicClient\BasicClient.csproj", "{F0390836-6D68-4100-9254-73B0596F9FA9}"
EndProject
Project("{FAE04EC0-301F-11D3-BF4B-00C04F79EFBC}") = "NeuroCore.Tests", "NeuroCore.Tests\NeuroCore.Tests.csproj", "{11F2E8B9-7FB1-409A-A4B5-5135774F6F42}"
EndProject
Global
	GlobalSection(SolutionConfigurationPlatforms) = preSolution
		Debug|Any CPU = Debug|Any CPU
		Debug|Mixed Platforms = Debug|Mixed Platforms
		Debug|x86 = Debug|x86
		Release|Any CPU = Release|Any CPU
		Release|Mixed Platforms = Release|Mixed Platforms
		Release|x86 = Release|x86
	EndGlobalSection
	GlobalSection(ProjectConfigurationPlatforms) = postSolution
		{54AF579F-9AF4-454D-BB24-2801AE2090DA}.Debug|Any CPU.ActiveCfg = Debug|Any CPU
		{54AF579F-9AF4-454D-BB24-2801AE2090DA}.Debug|Any CPU.Build.0 = Debug|Any CPU
		{54AF579F-9AF4-454D-BB24-2801AE2090DA}.Debug|Mixed Platforms.ActiveCfg = Debug|Any CPU
		{54AF579F-9AF4-454D-BB24-2801AE2090DA}.Debug|Mixed Platforms.Build.0 = Debug|Any CPU
		{54AF579F-9AF4-454D-BB24-2801AE2090DA}.Debug|x86.ActiveCfg = Debug|Any CPU
		{54AF579F-9AF4-454D-BB24-2801AE2090DA}.Release|Any CPU.ActiveCfg = Release|Any CPU
		{54AF579F-9AF4-454D-BB24-2801AE2090DA}.Release|Any CPU.Build.0 = Release|Any CPU
		{54AF579F-9AF4-454D-BB24-2801AE2090DA}.Release|Mixed Platforms.ActiveCfg = Release|Any CPU
		{54AF579F-9AF4-454D-BB24-2801AE2090DA}.Release|Mixed Platforms.Build.0 = Release|Any CPU
		{54AF579F-9AF4-454D-BB24-2801AE2090DA}.Release|x86.ActiveCfg = Release|Any CPU
		{F0390836-6D68-4100-9254-73B0596F9FA9}.Debug|Any CPU.ActiveCfg = Debug|x86
		{F0390836-6D68-4100-9254-73B0596F9FA9}.Debug|Mixed Platforms.ActiveCfg = Debug|x86
		{F0390836-6D68-4100-9254-73B0596F9FA9}.Debug|Mixed Platforms.Build.0 = Debug|x86
		{F0390836-6D68-4100-9254-73B0596F9FA9}.Debug|x86.ActiveCfg = Debug|x86
		{F0390836-6D68-4100-9254-73B0596F9FA9}.Debug|x86.Build.0 = Debug|x86
		{F0390836-6D68-4100-9254-73B0596F9FA9}.Release|Any CPU.ActiveCfg = Release|x86
		{F0390836-6D68-4100-9254-73B0596F9FA9}.Release|Mixed Platforms.ActiveCfg = Release|x86
		{F0390836-6D68-4100-9254-73B0596F9FA9}.Release|Mixed Platforms.Build.0 = Release|x86
		{F0390836-6D68-4100-9254-73B0596F9FA9}.Release|x86.ActiveCfg = Release|x86
		{F0390836-6D68-4100-9254-73B0596F9FA9}.Release|x86.Build.0 = Release|x86
		{11F2E8B9-7FB1-409A-A4B5-5135774F6F42}.Debug|Any CPU.ActiveCfg = Debug|Any CPU
		{11F2E8B9-7FB1-409A-A4B5-5135774F6F42}.Debug|Any CPU.Build.0 = Debug|Any CPU
		{11F2E8B9-7FB1-409A-A4B5-5135774F6F42}.Debug|Mixed Platforms.ActiveCfg = Debug|Any CPU
		{11F2E8B9-7FB1-409A-A4B5-5135774F6F42}.Debug|Mixed Platforms.Build.0 = Debug|Any CPU
		{11F2E8B9-7FB1-409A-A4B5-5135774F6F42}.Debug|x86.ActiveCfg = Debug|Any CPU
		{11F2E8B9-7FB1-409A-A4B5-5135774F6F42}.Release|Any CPU.ActiveCfg = Release|Any CPU
		{11F2E8B9-7FB1-409A-A4B5-5135774F6F42}.Release|Any CPU.Build.0 = Release|Any CPU
		{11F2E8B9-7FB1-409A-A4B5-5135774F6F42}.Release|Mixed Platforms.ActiveCfg = Release|Any CPU
		{11F2E8B9-7FB1-409A-A4B5-5135774F6F42}.Release|Mixed Platforms.Build.0 = Release|Any CPU
		{11F2E8B9-7FB1-409A-A4B5-5135774F6F42}.Release|x86.ActiveCfg = Release|Any CPU
	EndGlobalSection
	GlobalSection(SolutionProperties) = preSolution
		HideSolutionNode = FALSE
	EndGlobalSection
EndGlobal
